// !$*UTF8*$!
{
	archiveVersion = 1;
	classes = {
	};
	objectVersion = 46;
	objects = {

/* Begin PBXBuildFile section */
		D35052EA1D1353B30054F7EC /* DetailViewController.swift in Sources */ = {isa = PBXBuildFile; fileRef = D35052E91D1353B30054F7EC /* DetailViewController.swift */; };
		D35052EC1D13621A0054F7EC /* GridMoviesViewController.swift in Sources */ = {isa = PBXBuildFile; fileRef = D35052EB1D13621A0054F7EC /* GridMoviesViewController.swift */; };
		D35052EE1D13C7750054F7EC /* MovieCollectionViewCell.swift in Sources */ = {isa = PBXBuildFile; fileRef = D35052ED1D13C7750054F7EC /* MovieCollectionViewCell.swift */; };
		D39766831D11EEC100EA4F22 /* AppDelegate.swift in Sources */ = {isa = PBXBuildFile; fileRef = D39766821D11EEC100EA4F22 /* AppDelegate.swift */; };
		D39766881D11EEC100EA4F22 /* Main.storyboard in Resources */ = {isa = PBXBuildFile; fileRef = D39766861D11EEC100EA4F22 /* Main.storyboard */; };
		D397668A1D11EEC100EA4F22 /* Assets.xcassets in Resources */ = {isa = PBXBuildFile; fileRef = D39766891D11EEC100EA4F22 /* Assets.xcassets */; };
		D397668D1D11EEC100EA4F22 /* LaunchScreen.storyboard in Resources */ = {isa = PBXBuildFile; fileRef = D397668B1D11EEC100EA4F22 /* LaunchScreen.storyboard */; };
		D39766951D11EF8400EA4F22 /* MoviesViewController.swift in Sources */ = {isa = PBXBuildFile; fileRef = D39766941D11EF8400EA4F22 /* MoviesViewController.swift */; };
		D39766981D11F9C500EA4F22 /* MovieCell.swift in Sources */ = {isa = PBXBuildFile; fileRef = D39766971D11F9C500EA4F22 /* MovieCell.swift */; };
		D48561E0EFB26F80ED6CA07A /* Pods_flix.framework in Frameworks */ = {isa = PBXBuildFile; fileRef = DC23D6F0FB670E753A965363 /* Pods_flix.framework */; };
/* End PBXBuildFile section */

/* Begin PBXFileReference section */
		16D092796E4CF53D19638657 /* Pods-flix.release.xcconfig */ = {isa = PBXFileReference; includeInIndex = 1; lastKnownFileType = text.xcconfig; name = "Pods-flix.release.xcconfig"; path = "Pods/Target Support Files/Pods-flix/Pods-flix.release.xcconfig"; sourceTree = "<group>"; };
		5DBC79B4F028EE33A29EBBBB /* Pods-flix.debug.xcconfig */ = {isa = PBXFileReference; includeInIndex = 1; lastKnownFileType = text.xcconfig; name = "Pods-flix.debug.xcconfig"; path = "Pods/Target Support Files/Pods-flix/Pods-flix.debug.xcconfig"; sourceTree = "<group>"; };
		D35052E91D1353B30054F7EC /* DetailViewController.swift */ = {isa = PBXFileReference; fileEncoding = 4; lastKnownFileType = sourcecode.swift; path = DetailViewController.swift; sourceTree = "<group>"; };
		D35052EB1D13621A0054F7EC /* GridMoviesViewController.swift */ = {isa = PBXFileReference; fileEncoding = 4; lastKnownFileType = sourcecode.swift; path = GridMoviesViewController.swift; sourceTree = "<group>"; };
		D35052ED1D13C7750054F7EC /* MovieCollectionViewCell.swift */ = {isa = PBXFileReference; fileEncoding = 4; lastKnownFileType = sourcecode.swift; path = MovieCollectionViewCell.swift; sourceTree = "<group>"; };
		D397667F1D11EEC100EA4F22 /* flix.app */ = {isa = PBXFileReference; explicitFileType = wrapper.application; includeInIndex = 0; path = flix.app; sourceTree = BUILT_PRODUCTS_DIR; };
		D39766821D11EEC100EA4F22 /* AppDelegate.swift */ = {isa = PBXFileReference; lastKnownFileType = sourcecode.swift; path = AppDelegate.swift; sourceTree = "<group>"; };
		D39766871D11EEC100EA4F22 /* Base */ = {isa = PBXFileReference; lastKnownFileType = file.storyboard; name = Base; path = Base.lproj/Main.storyboard; sourceTree = "<group>"; };
		D39766891D11EEC100EA4F22 /* Assets.xcassets */ = {isa = PBXFileReference; lastKnownFileType = folder.assetcatalog; path = Assets.xcassets; sourceTree = "<group>"; };
		D397668C1D11EEC100EA4F22 /* Base */ = {isa = PBXFileReference; lastKnownFileType = file.storyboard; name = Base; path = Base.lproj/LaunchScreen.storyboard; sourceTree = "<group>"; };
		D397668E1D11EEC100EA4F22 /* Info.plist */ = {isa = PBXFileReference; lastKnownFileType = text.plist.xml; path = Info.plist; sourceTree = "<group>"; };
		D39766941D11EF8400EA4F22 /* MoviesViewController.swift */ = {isa = PBXFileReference; fileEncoding = 4; lastKnownFileType = sourcecode.swift; path = MoviesViewController.swift; sourceTree = "<group>"; };
		D39766971D11F9C500EA4F22 /* MovieCell.swift */ = {isa = PBXFileReference; fileEncoding = 4; lastKnownFileType = sourcecode.swift; path = MovieCell.swift; sourceTree = "<group>"; };
		DC23D6F0FB670E753A965363 /* Pods_flix.framework */ = {isa = PBXFileReference; explicitFileType = wrapper.framework; includeInIndex = 0; path = Pods_flix.framework; sourceTree = BUILT_PRODUCTS_DIR; };
/* End PBXFileReference section */

/* Begin PBXFrameworksBuildPhase section */
		D397667C1D11EEC100EA4F22 /* Frameworks */ = {
			isa = PBXFrameworksBuildPhase;
			buildActionMask = 2147483647;
			files = (
				D48561E0EFB26F80ED6CA07A /* Pods_flix.framework in Frameworks */,
			);
			runOnlyForDeploymentPostprocessing = 0;
		};
/* End PBXFrameworksBuildPhase section */

/* Begin PBXGroup section */
		A4521C314F67BCF6598C7FF3 /* Pods */ = {
			isa = PBXGroup;
			children = (
				5DBC79B4F028EE33A29EBBBB /* Pods-flix.debug.xcconfig */,
				16D092796E4CF53D19638657 /* Pods-flix.release.xcconfig */,
			);
			name = Pods;
			sourceTree = "<group>";
		};
		D1492320484739ACD72ADB84 /* Frameworks */ = {
			isa = PBXGroup;
			children = (
				DC23D6F0FB670E753A965363 /* Pods_flix.framework */,
			);
			name = Frameworks;
			sourceTree = "<group>";
		};
		D39766761D11EEC100EA4F22 = {
			isa = PBXGroup;
			children = (
				D39766811D11EEC100EA4F22 /* flix */,
				D39766801D11EEC100EA4F22 /* Products */,
				A4521C314F67BCF6598C7FF3 /* Pods */,
				D1492320484739ACD72ADB84 /* Frameworks */,
			);
			sourceTree = "<group>";
		};
		D39766801D11EEC100EA4F22 /* Products */ = {
			isa = PBXGroup;
			children = (
				D397667F1D11EEC100EA4F22 /* flix.app */,
			);
			name = Products;
			sourceTree = "<group>";
		};
		D39766811D11EEC100EA4F22 /* flix */ = {
			isa = PBXGroup;
			children = (
				D39766991D11F9D400EA4F22 /* View Controllers */,
				D39766961D11F99800EA4F22 /* Views */,
				D39766821D11EEC100EA4F22 /* AppDelegate.swift */,
				D39766861D11EEC100EA4F22 /* Main.storyboard */,
				D39766891D11EEC100EA4F22 /* Assets.xcassets */,
				D397668B1D11EEC100EA4F22 /* LaunchScreen.storyboard */,
				D397668E1D11EEC100EA4F22 /* Info.plist */,
			);
			path = flix;
			sourceTree = "<group>";
		};
		D39766961D11F99800EA4F22 /* Views */ = {
			isa = PBXGroup;
			children = (
				D39766971D11F9C500EA4F22 /* MovieCell.swift */,
				D35052ED1D13C7750054F7EC /* MovieCollectionViewCell.swift */,
			);
			name = Views;
			sourceTree = "<group>";
		};
		D39766991D11F9D400EA4F22 /* View Controllers */ = {
			isa = PBXGroup;
			children = (
				D39766941D11EF8400EA4F22 /* MoviesViewController.swift */,
				D35052E91D1353B30054F7EC /* DetailViewController.swift */,
				D35052EB1D13621A0054F7EC /* GridMoviesViewController.swift */,
			);
			name = "View Controllers";
			sourceTree = "<group>";
		};
/* End PBXGroup section */

/* Begin PBXNativeTarget section */
		D397667E1D11EEC100EA4F22 /* flix */ = {
			isa = PBXNativeTarget;
			buildConfigurationList = D39766911D11EEC100EA4F22 /* Build configuration list for PBXNativeTarget "flix" */;
			buildPhases = (
				8DE4EDD8AA2EDAE0310DCA3D /* [CP] Check Pods Manifest.lock */,
				D397667B1D11EEC100EA4F22 /* Sources */,
				D397667C1D11EEC100EA4F22 /* Frameworks */,
				D397667D1D11EEC100EA4F22 /* Resources */,
				064F2629B6C4CB8F72781626 /* [CP] Embed Pods Frameworks */,
				4AA5246A3EEDC6CA91E58440 /* [CP] Copy Pods Resources */,
			);
			buildRules = (
			);
			dependencies = (
			);
			name = flix;
			productName = flix;
			productReference = D397667F1D11EEC100EA4F22 /* flix.app */;
			productType = "com.apple.product-type.application";
		};
/* End PBXNativeTarget section */

/* Begin PBXProject section */
		D39766771D11EEC100EA4F22 /* Project object */ = {
			isa = PBXProject;
			attributes = {
				LastSwiftUpdateCheck = 0730;
				LastUpgradeCheck = 0730;
				ORGANIZATIONNAME = "Angela Chen";
				TargetAttributes = {
					D397667E1D11EEC100EA4F22 = {
						CreatedOnToolsVersion = 7.3.1;
						DevelopmentTeam = ZGPRJPVQJ6;
					};
				};
			};
			buildConfigurationList = D397667A1D11EEC100EA4F22 /* Build configuration list for PBXProject "flix" */;
			compatibilityVersion = "Xcode 3.2";
			developmentRegion = English;
			hasScannedForEncodings = 0;
			knownRegions = (
				en,
				Base,
			);
			mainGroup = D39766761D11EEC100EA4F22;
			productRefGroup = D39766801D11EEC100EA4F22 /* Products */;
			projectDirPath = "";
			projectRoot = "";
			targets = (
				D397667E1D11EEC100EA4F22 /* flix */,
			);
		};
/* End PBXProject section */

/* Begin PBXResourcesBuildPhase section */
		D397667D1D11EEC100EA4F22 /* Resources */ = {
			isa = PBXResourcesBuildPhase;
			buildActionMask = 2147483647;
			files = (
				D397668D1D11EEC100EA4F22 /* LaunchScreen.storyboard in Resources */,
				D397668A1D11EEC100EA4F22 /* Assets.xcassets in Resources */,
				D39766881D11EEC100EA4F22 /* Main.storyboard in Resources */,
			);
			runOnlyForDeploymentPostprocessing = 0;
		};
/* End PBXResourcesBuildPhase section */

/* Begin PBXShellScriptBuildPhase section */
		064F2629B6C4CB8F72781626 /* [CP] Embed Pods Frameworks */ = {
			isa = PBXShellScriptBuildPhase;
			buildActionMask = 2147483647;
			files = (
			);
			inputPaths = (
			);
			name = "[CP] Embed Pods Frameworks";
			outputPaths = (
			);
			runOnlyForDeploymentPostprocessing = 0;
			shellPath = /bin/sh;
			shellScript = "\"${SRCROOT}/Pods/Target Support Files/Pods-flix/Pods-flix-frameworks.sh\"\n";
			showEnvVarsInLog = 0;
		};
		4AA5246A3EEDC6CA91E58440 /* [CP] Copy Pods Resources */ = {
			isa = PBXShellScriptBuildPhase;
			buildActionMask = 2147483647;
			files = (
			);
			inputPaths = (
			);
			name = "[CP] Copy Pods Resources";
			outputPaths = (
			);
			runOnlyForDeploymentPostprocessing = 0;
			shellPath = /bin/sh;
			shellScript = "\"${SRCROOT}/Pods/Target Support Files/Pods-flix/Pods-flix-resources.sh\"\n";
			showEnvVarsInLog = 0;
		};
		8DE4EDD8AA2EDAE0310DCA3D /* [CP] Check Pods Manifest.lock */ = {
			isa = PBXShellScriptBuildPhase;
			buildActionMask = 2147483647;
			files = (
			);
			inputPaths = (
			);
			name = "[CP] Check Pods Manifest.lock";
			outputPaths = (
			);
			runOnlyForDeploymentPostprocessing = 0;
			shellPath = /bin/sh;
			shellScript = "diff \"${PODS_ROOT}/../Podfile.lock\" \"${PODS_ROOT}/Manifest.lock\" > /dev/null\nif [[ $? != 0 ]] ; then\n    cat << EOM\nerror: The sandbox is not in sync with the Podfile.lock. Run 'pod install' or update your CocoaPods installation.\nEOM\n    exit 1\nfi\n";
			showEnvVarsInLog = 0;
		};
/* End PBXShellScriptBuildPhase section */

/* Begin PBXSourcesBuildPhase section */
		D397667B1D11EEC100EA4F22 /* Sources */ = {
			isa = PBXSourcesBuildPhase;
			buildActionMask = 2147483647;
			files = (
				D39766831D11EEC100EA4F22 /* AppDelegate.swift in Sources */,
				D39766951D11EF8400EA4F22 /* MoviesViewController.swift in Sources */,
				D39766981D11F9C500EA4F22 /* MovieCell.swift in Sources */,
				D35052EE1D13C7750054F7EC /* MovieCollectionViewCell.swift in Sources */,
				D35052EA1D1353B30054F7EC /* DetailViewController.swift in Sources */,
				D35052EC1D13621A0054F7EC /* GridMoviesViewController.swift in Sources */,
			);
			runOnlyForDeploymentPostprocessing = 0;
		};
/* End PBXSourcesBuildPhase section */

/* Begin PBXVariantGroup section */
		D39766861D11EEC100EA4F22 /* Main.storyboard */ = {
			isa = PBXVariantGroup;
			children = (
				D39766871D11EEC100EA4F22 /* Base */,
			);
			name = Main.storyboard;
			sourceTree = "<group>";
		};
		D397668B1D11EEC100EA4F22 /* LaunchScreen.storyboard */ = {
			isa = PBXVariantGroup;
			children = (
				D397668C1D11EEC100EA4F22 /* Base */,
			);
			name = LaunchScreen.storyboard;
			sourceTree = "<group>";
		};
/* End PBXVariantGroup section */

/* Begin XCBuildConfiguration section */
		D397668F1D11EEC100EA4F22 /* Debug */ = {
			isa = XCBuildConfiguration;
			buildSettings = {
				ALWAYS_SEARCH_USER_PATHS = NO;
				CLANG_ANALYZER_NONNULL = YES;
				CLANG_CXX_LANGUAGE_STANDARD = "gnu++0x";
				CLANG_CXX_LIBRARY = "libc++";
				CLANG_ENABLE_MODULES = YES;
				CLANG_ENABLE_OBJC_ARC = YES;
				CLANG_WARN_BOOL_CONVERSION = YES;
				CLANG_WARN_CONSTANT_CONVERSION = YES;
				CLANG_WARN_DIRECT_OBJC_ISA_USAGE = YES_ERROR;
				CLANG_WARN_EMPTY_BODY = YES;
				CLANG_WARN_ENUM_CONVERSION = YES;
				CLANG_WARN_INT_CONVERSION = YES;
				CLANG_WARN_OBJC_ROOT_CLASS = YES_ERROR;
				CLANG_WARN_UNREACHABLE_CODE = YES;
				CLANG_WARN__DUPLICATE_METHOD_MATCH = YES;
				"CODE_SIGN_IDENTITY[sdk=iphoneos*]" = "iPhone Developer";
				COPY_PHASE_STRIP = NO;
				DEBUG_INFORMATION_FORMAT = dwarf;
				ENABLE_STRICT_OBJC_MSGSEND = YES;
				ENABLE_TESTABILITY = YES;
				GCC_C_LANGUAGE_STANDARD = gnu99;
				GCC_DYNAMIC_NO_PIC = NO;
				GCC_NO_COMMON_BLOCKS = YES;
				GCC_OPTIMIZATION_LEVEL = 0;
				GCC_PREPROCESSOR_DEFINITIONS = (
					"DEBUG=1",
					"$(inherited)",
				);
				GCC_WARN_64_TO_32_BIT_CONVERSION = YES;
				GCC_WARN_ABOUT_RETURN_TYPE = YES_ERROR;
				GCC_WARN_UNDECLARED_SELECTOR = YES;
				GCC_WARN_UNINITIALIZED_AUTOS = YES_AGGRESSIVE;
				GCC_WARN_UNUSED_FUNCTION = YES;
				GCC_WARN_UNUSED_VARIABLE = YES;
				IPHONEOS_DEPLOYMENT_TARGET = 9.3;
				MTL_ENABLE_DEBUG_INFO = YES;
				ONLY_ACTIVE_ARCH = YES;
				SDKROOT = iphoneos;
				SWIFT_OPTIMIZATION_LEVEL = "-Onone";
			};
			name = Debug;
		};
		D39766901D11EEC100EA4F22 /* Release */ = {
			isa = XCBuildConfiguration;
			buildSettings = {
				ALWAYS_SEARCH_USER_PATHS = NO;
				CLANG_ANALYZER_NONNULL = YES;
				CLANG_CXX_LANGUAGE_STANDARD = "gnu++0x";
				CLANG_CXX_LIBRARY = "libc++";
				CLANG_ENABLE_MODULES = YES;
				CLANG_ENABLE_OBJC_ARC = YES;
				CLANG_WARN_BOOL_CONVERSION = YES;
				CLANG_WARN_CONSTANT_CONVERSION = YES;
				CLANG_WARN_DIRECT_OBJC_ISA_USAGE = YES_ERROR;
				CLANG_WARN_EMPTY_BODY = YES;
				CLANG_WARN_ENUM_CONVERSION = YES;
				CLANG_WARN_INT_CONVERSION = YES;
				CLANG_WARN_OBJC_ROOT_CLASS = YES_ERROR;
				CLANG_WARN_UNREACHABLE_CODE = YES;
				CLANG_WARN__DUPLICATE_METHOD_MATCH = YES;
				"CODE_SIGN_IDENTITY[sdk=iphoneos*]" = "iPhone Developer";
				COPY_PHASE_STRIP = NO;
				DEBUG_INFORMATION_FORMAT = "dwarf-with-dsym";
				ENABLE_NS_ASSERTIONS = NO;
				ENABLE_STRICT_OBJC_MSGSEND = YES;
				GCC_C_LANGUAGE_STANDARD = gnu99;
				GCC_NO_COMMON_BLOCKS = YES;
				GCC_WARN_64_TO_32_BIT_CONVERSION = YES;
				GCC_WARN_ABOUT_RETURN_TYPE = YES_ERROR;
				GCC_WARN_UNDECLARED_SELECTOR = YES;
				GCC_WARN_UNINITIALIZED_AUTOS = YES_AGGRESSIVE;
				GCC_WARN_UNUSED_FUNCTION = YES;
				GCC_WARN_UNUSED_VARIABLE = YES;
				IPHONEOS_DEPLOYMENT_TARGET = 9.3;
				MTL_ENABLE_DEBUG_INFO = NO;
				SDKROOT = iphoneos;
				VALIDATE_PRODUCT = YES;
			};
			name = Release;
		};
		D39766921D11EEC100EA4F22 /* Debug */ = {
			isa = XCBuildConfiguration;
			baseConfigurationReference = 5DBC79B4F028EE33A29EBBBB /* Pods-flix.debug.xcconfig */;
			buildSettings = {
				ASSETCATALOG_COMPILER_APPICON_NAME = AppIcon;
				CODE_SIGN_IDENTITY = "iPhone Developer";
				"CODE_SIGN_IDENTITY[sdk=iphoneos*]" = "iPhone Developer";
				INFOPLIST_FILE = flix/Info.plist;
				LD_RUNPATH_SEARCH_PATHS = "$(inherited) @executable_path/Frameworks";
				PRODUCT_BUNDLE_IDENTIFIER = com.fbu.flix;
				PRODUCT_NAME = "$(TARGET_NAME)";
				PROVISIONING_PROFILE = "";
			};
			name = Debug;
		};
		D39766931D11EEC100EA4F22 /* Release */ = {
			isa = XCBuildConfiguration;
			baseConfigurationReference = 16D092796E4CF53D19638657 /* Pods-flix.release.xcconfig */;
			buildSettings = {
				ASSETCATALOG_COMPILER_APPICON_NAME = AppIcon;
				CODE_SIGN_IDENTITY = "iPhone Developer";
				"CODE_SIGN_IDENTITY[sdk=iphoneos*]" = "iPhone Developer";
				INFOPLIST_FILE = flix/Info.plist;
				LD_RUNPATH_SEARCH_PATHS = "$(inherited) @executable_path/Frameworks";
				PRODUCT_BUNDLE_IDENTIFIER = com.fbu.flix;
				PRODUCT_NAME = "$(TARGET_NAME)";
				PROVISIONING_PROFILE = "";
			};
			name = Release;
		};
/* End XCBuildConfiguration section */

/* Begin XCConfigurationList section */
		D397667A1D11EEC100EA4F22 /* Build configuration list for PBXProject "flix" */ = {
			isa = XCConfigurationList;
			buildConfigurations = (
				D397668F1D11EEC100EA4F22 /* Debug */,
				D39766901D11EEC100EA4F22 /* Release */,
			);
			defaultConfigurationIsVisible = 0;
			defaultConfigurationName = Release;
		};
		D39766911D11EEC100EA4F22 /* Build configuration list for PBXNativeTarget "flix" */ = {
			isa = XCConfigurationList;
			buildConfigurations = (
				D39766921D11EEC100EA4F22 /* Debug */,
				D39766931D11EEC100EA4F22 /* Release */,
			);
			defaultConfigurationIsVisible = 0;
			defaultConfigurationName = Release;
		};
/* End XCConfigurationList section */
	};
	rootObject = D39766771D11EEC100EA4F22 /* Project object */;
}
